
Microsoft Visual Studio Solution File, Format Version 12.00
# Visual Studio Version 16
VisualStudioVersion = 16.0.29411.108
MinimumVisualStudioVersion = 10.0.40219.1
Project("{9A19103F-16F7-4668-BE54-9A1E7A4F7556}") = "Scene2d", "Scene2d\Scene2d.csproj", "{596D6F5A-5113-4BCA-B631-07E392B98EF5}"
EndProject
Project("{FAE04EC0-301F-11D3-BF4B-00C04F79EFBC}") = "Scene2d.Tests", "Scene2d.Tests\Scene2d.Tests.csproj", "{D44FD185-CD75-4DB8-AB66-1AFEA7254AFC}"
EndProject
Global
	GlobalSection(SolutionConfigurationPlatforms) = preSolution
		Debug|Any CPU = Debug|Any CPU
		Release|Any CPU = Release|Any CPU
	EndGlobalSection
	GlobalSection(ProjectConfigurationPlatforms) = postSolution
		{596D6F5A-5113-4BCA-B631-07E392B98EF5}.Debug|Any CPU.ActiveCfg = Debug|Any CPU
		{596D6F5A-5113-4BCA-B631-07E392B98EF5}.Debug|Any CPU.Build.0 = Debug|Any CPU
		{596D6F5A-5113-4BCA-B631-07E392B98EF5}.Release|Any CPU.ActiveCfg = Release|Any CPU
		{596D6F5A-5113-4BCA-B631-07E392B98EF5}.Release|Any CPU.Build.0 = Release|Any CPU
		{D44FD185-CD75-4DB8-AB66-1AFEA7254AFC}.Debug|Any CPU.ActiveCfg = Debug|Any CPU
		{D44FD185-CD75-4DB8-AB66-1AFEA7254AFC}.Debug|Any CPU.Build.0 = Debug|Any CPU
		{D44FD185-CD75-4DB8-AB66-1AFEA7254AFC}.Release|Any CPU.ActiveCfg = Release|Any CPU
		{D44FD185-CD75-4DB8-AB66-1AFEA7254AFC}.Release|Any CPU.Build.0 = Release|Any CPU
	EndGlobalSection
	GlobalSection(SolutionProperties) = preSolution
		HideSolutionNode = FALSE
	EndGlobalSection
	GlobalSection(ExtensibilityGlobals) = postSolution
		SolutionGuid = {5CE3E7E0-4E59-475C-ACFE-896FA59F87C4}
	EndGlobalSection
EndGlobal
