
Microsoft Visual Studio Solution File, Format Version 12.00
# Visual Studio Version 16
VisualStudioVersion = 16.0.29920.165
MinimumVisualStudioVersion = 10.0.40219.1
Project("{FAE04EC0-301F-11D3-BF4B-00C04F79EFBC}") = "SocialDBViewer", "SocialDBViewer\SocialDBViewer.csproj", "{112FF61A-64CA-4535-9494-79C99737BAE4}"
EndProject
Global
	GlobalSection(SolutionConfigurationPlatforms) = preSolution
		Debug|Any CPU = Debug|Any CPU
		Release|Any CPU = Release|Any CPU
	EndGlobalSection
	GlobalSection(ProjectConfigurationPlatforms) = postSolution
		{112FF61A-64CA-4535-9494-79C99737BAE4}.Debug|Any CPU.ActiveCfg = Debug|Any CPU
		{112FF61A-64CA-4535-9494-79C99737BAE4}.Debug|Any CPU.Build.0 = Debug|Any CPU
		{112FF61A-64CA-4535-9494-79C99737BAE4}.Release|Any CPU.ActiveCfg = Release|Any CPU
		{112FF61A-64CA-4535-9494-79C99737BAE4}.Release|Any CPU.Build.0 = Release|Any CPU
	EndGlobalSection
	GlobalSection(SolutionProperties) = preSolution
		HideSolutionNode = FALSE
	EndGlobalSection
	GlobalSection(ExtensibilityGlobals) = postSolution
		SolutionGuid = {2A4528EB-2C56-44E5-937C-1C981CABC1C2}
	EndGlobalSection
EndGlobal
